// !$*UTF8*$!
{
	archiveVersion = 1;
	classes = {
	};
	objectVersion = 56;
	objects = {

/* Begin PBXBuildFile section */
		565B86D3291BBFF900F37A21 /* AppDelegate.swift in Sources */ = {isa = PBXBuildFile; fileRef = 565B86D2291BBFF900F37A21 /* AppDelegate.swift */; };
		565B86D5291BBFF900F37A21 /* SceneDelegate.swift in Sources */ = {isa = PBXBuildFile; fileRef = 565B86D4291BBFF900F37A21 /* SceneDelegate.swift */; };
		565B86DC291BBFFA00F37A21 /* Assets.xcassets in Resources */ = {isa = PBXBuildFile; fileRef = 565B86DB291BBFFA00F37A21 /* Assets.xcassets */; };
		565B86DF291BBFFA00F37A21 /* LaunchScreen.storyboard in Resources */ = {isa = PBXBuildFile; fileRef = 565B86DD291BBFFA00F37A21 /* LaunchScreen.storyboard */; };
		565B86EA291BBFFA00F37A21 /* TopRedditsTests.swift in Sources */ = {isa = PBXBuildFile; fileRef = 565B86E9291BBFFA00F37A21 /* TopRedditsTests.swift */; };
		565B86F4291BBFFA00F37A21 /* TopRedditsUITests.swift in Sources */ = {isa = PBXBuildFile; fileRef = 565B86F3291BBFFA00F37A21 /* TopRedditsUITests.swift */; };
		565B86F6291BBFFA00F37A21 /* TopRedditsUITestsLaunchTests.swift in Sources */ = {isa = PBXBuildFile; fileRef = 565B86F5291BBFFA00F37A21 /* TopRedditsUITestsLaunchTests.swift */; };
		565B8708291BC77800F37A21 /* ListTopRedditsViewController.swift in Sources */ = {isa = PBXBuildFile; fileRef = 565B8707291BC77800F37A21 /* ListTopRedditsViewController.swift */; };
		565B870D291BC89800F37A21 /* RedditDetailsViewController.swift in Sources */ = {isa = PBXBuildFile; fileRef = 565B870C291BC89800F37A21 /* RedditDetailsViewController.swift */; };
/* End PBXBuildFile section */

/* Begin PBXContainerItemProxy section */
		565B86E6291BBFFA00F37A21 /* PBXContainerItemProxy */ = {
			isa = PBXContainerItemProxy;
			containerPortal = 565B86C7291BBFF900F37A21 /* Project object */;
			proxyType = 1;
			remoteGlobalIDString = 565B86CE291BBFF900F37A21;
			remoteInfo = TopReddits;
		};
		565B86F0291BBFFA00F37A21 /* PBXContainerItemProxy */ = {
			isa = PBXContainerItemProxy;
			containerPortal = 565B86C7291BBFF900F37A21 /* Project object */;
			proxyType = 1;
			remoteGlobalIDString = 565B86CE291BBFF900F37A21;
			remoteInfo = TopReddits;
		};
/* End PBXContainerItemProxy section */

/* Begin PBXFileReference section */
		565B86CF291BBFF900F37A21 /* TopReddits.app */ = {isa = PBXFileReference; explicitFileType = wrapper.application; includeInIndex = 0; path = TopReddits.app; sourceTree = BUILT_PRODUCTS_DIR; };
		565B86D2291BBFF900F37A21 /* AppDelegate.swift */ = {isa = PBXFileReference; lastKnownFileType = sourcecode.swift; path = AppDelegate.swift; sourceTree = "<group>"; };
		565B86D4291BBFF900F37A21 /* SceneDelegate.swift */ = {isa = PBXFileReference; lastKnownFileType = sourcecode.swift; path = SceneDelegate.swift; sourceTree = "<group>"; };
		565B86DB291BBFFA00F37A21 /* Assets.xcassets */ = {isa = PBXFileReference; lastKnownFileType = folder.assetcatalog; path = Assets.xcassets; sourceTree = "<group>"; };
		565B86DE291BBFFA00F37A21 /* Base */ = {isa = PBXFileReference; lastKnownFileType = file.storyboard; name = Base; path = Base.lproj/LaunchScreen.storyboard; sourceTree = "<group>"; };
		565B86E0291BBFFA00F37A21 /* Info.plist */ = {isa = PBXFileReference; lastKnownFileType = text.plist.xml; path = Info.plist; sourceTree = "<group>"; };
		565B86E5291BBFFA00F37A21 /* TopRedditsTests.xctest */ = {isa = PBXFileReference; explicitFileType = wrapper.cfbundle; includeInIndex = 0; path = TopRedditsTests.xctest; sourceTree = BUILT_PRODUCTS_DIR; };
		565B86E9291BBFFA00F37A21 /* TopRedditsTests.swift */ = {isa = PBXFileReference; lastKnownFileType = sourcecode.swift; path = TopRedditsTests.swift; sourceTree = "<group>"; };
		565B86EF291BBFFA00F37A21 /* TopRedditsUITests.xctest */ = {isa = PBXFileReference; explicitFileType = wrapper.cfbundle; includeInIndex = 0; path = TopRedditsUITests.xctest; sourceTree = BUILT_PRODUCTS_DIR; };
		565B86F3291BBFFA00F37A21 /* TopRedditsUITests.swift */ = {isa = PBXFileReference; lastKnownFileType = sourcecode.swift; path = TopRedditsUITests.swift; sourceTree = "<group>"; };
		565B86F5291BBFFA00F37A21 /* TopRedditsUITestsLaunchTests.swift */ = {isa = PBXFileReference; lastKnownFileType = sourcecode.swift; path = TopRedditsUITestsLaunchTests.swift; sourceTree = "<group>"; };
		565B8707291BC77800F37A21 /* ListTopRedditsViewController.swift */ = {isa = PBXFileReference; lastKnownFileType = sourcecode.swift; path = ListTopRedditsViewController.swift; sourceTree = "<group>"; };
		565B870C291BC89800F37A21 /* RedditDetailsViewController.swift */ = {isa = PBXFileReference; lastKnownFileType = sourcecode.swift; path = RedditDetailsViewController.swift; sourceTree = "<group>"; };
/* End PBXFileReference section */

/* Begin PBXFrameworksBuildPhase section */
		565B86CC291BBFF900F37A21 /* Frameworks */ = {
			isa = PBXFrameworksBuildPhase;
			buildActionMask = 2147483647;
			files = (
			);
			runOnlyForDeploymentPostprocessing = 0;
		};
		565B86E2291BBFFA00F37A21 /* Frameworks */ = {
			isa = PBXFrameworksBuildPhase;
			buildActionMask = 2147483647;
			files = (
			);
			runOnlyForDeploymentPostprocessing = 0;
		};
		565B86EC291BBFFA00F37A21 /* Frameworks */ = {
			isa = PBXFrameworksBuildPhase;
			buildActionMask = 2147483647;
			files = (
			);
			runOnlyForDeploymentPostprocessing = 0;
		};
/* End PBXFrameworksBuildPhase section */

/* Begin PBXGroup section */
		565B86C6291BBFF900F37A21 = {
			isa = PBXGroup;
			children = (
				565B86D1291BBFF900F37A21 /* TopReddits */,
				565B86E8291BBFFA00F37A21 /* TopRedditsTests */,
				565B86F2291BBFFA00F37A21 /* TopRedditsUITests */,
				565B86D0291BBFF900F37A21 /* Products */,
			);
			sourceTree = "<group>";
		};
		565B86D0291BBFF900F37A21 /* Products */ = {
			isa = PBXGroup;
			children = (
				565B86CF291BBFF900F37A21 /* TopReddits.app */,
				565B86E5291BBFFA00F37A21 /* TopRedditsTests.xctest */,
				565B86EF291BBFFA00F37A21 /* TopRedditsUITests.xctest */,
			);
			name = Products;
			sourceTree = "<group>";
		};
		565B86D1291BBFF900F37A21 /* TopReddits */ = {
			isa = PBXGroup;
			children = (
				565B8703291BC71C00F37A21 /* Application */,
				565B8702291BC71300F37A21 /* Scenes */,
				565B86DB291BBFFA00F37A21 /* Assets.xcassets */,
				565B86DD291BBFFA00F37A21 /* LaunchScreen.storyboard */,
				565B86E0291BBFFA00F37A21 /* Info.plist */,
			);
			path = TopReddits;
			sourceTree = "<group>";
		};
		565B86E8291BBFFA00F37A21 /* TopRedditsTests */ = {
			isa = PBXGroup;
			children = (
				565B86E9291BBFFA00F37A21 /* TopRedditsTests.swift */,
			);
			path = TopRedditsTests;
			sourceTree = "<group>";
		};
		565B86F2291BBFFA00F37A21 /* TopRedditsUITests */ = {
			isa = PBXGroup;
			children = (
				565B86F3291BBFFA00F37A21 /* TopRedditsUITests.swift */,
				565B86F5291BBFFA00F37A21 /* TopRedditsUITestsLaunchTests.swift */,
			);
			path = TopRedditsUITests;
			sourceTree = "<group>";
		};
		565B8702291BC71300F37A21 /* Scenes */ = {
			isa = PBXGroup;
			children = (
				565B8709291BC7DF00F37A21 /* RedditDetails */,
				565B8704291BC72F00F37A21 /* ListTopReddits */,
			);
			path = Scenes;
			sourceTree = "<group>";
		};
		565B8703291BC71C00F37A21 /* Application */ = {
			isa = PBXGroup;
			children = (
				565B86D2291BBFF900F37A21 /* AppDelegate.swift */,
				565B86D4291BBFF900F37A21 /* SceneDelegate.swift */,
			);
			path = Application;
			sourceTree = "<group>";
		};
		565B8704291BC72F00F37A21 /* ListTopReddits */ = {
			isa = PBXGroup;
			children = (
				565B8705291BC74900F37A21 /* View */,
				565B8706291BC74E00F37A21 /* ViewModel */,
			);
			path = ListTopReddits;
			sourceTree = "<group>";
		};
		565B8705291BC74900F37A21 /* View */ = {
			isa = PBXGroup;
			children = (
				565B8707291BC77800F37A21 /* ListTopRedditsViewController.swift */,
			);
			path = View;
			sourceTree = "<group>";
		};
		565B8706291BC74E00F37A21 /* ViewModel */ = {
			isa = PBXGroup;
			children = (
			);
			path = ViewModel;
			sourceTree = "<group>";
		};
		565B8709291BC7DF00F37A21 /* RedditDetails */ = {
			isa = PBXGroup;
			children = (
				565B870A291BC82300F37A21 /* View */,
				565B870B291BC82900F37A21 /* ViewModel */,
			);
			path = RedditDetails;
			sourceTree = "<group>";
		};
		565B870A291BC82300F37A21 /* View */ = {
			isa = PBXGroup;
			children = (
				565B870C291BC89800F37A21 /* RedditDetailsViewController.swift */,
			);
			path = View;
			sourceTree = "<group>";
		};
		565B870B291BC82900F37A21 /* ViewModel */ = {
			isa = PBXGroup;
			children = (
			);
			path = ViewModel;
			sourceTree = "<group>";
		};
/* End PBXGroup section */

/* Begin PBXNativeTarget section */
		565B86CE291BBFF900F37A21 /* TopReddits */ = {
			isa = PBXNativeTarget;
			buildConfigurationList = 565B86F9291BBFFA00F37A21 /* Build configuration list for PBXNativeTarget "TopReddits" */;
			buildPhases = (
				565B86CB291BBFF900F37A21 /* Sources */,
				565B86CC291BBFF900F37A21 /* Frameworks */,
				565B86CD291BBFF900F37A21 /* Resources */,
			);
			buildRules = (
			);
			dependencies = (
			);
			name = TopReddits;
			productName = TopReddits;
			productReference = 565B86CF291BBFF900F37A21 /* TopReddits.app */;
			productType = "com.apple.product-type.application";
		};
		565B86E4291BBFFA00F37A21 /* TopRedditsTests */ = {
			isa = PBXNativeTarget;
			buildConfigurationList = 565B86FC291BBFFA00F37A21 /* Build configuration list for PBXNativeTarget "TopRedditsTests" */;
			buildPhases = (
				565B86E1291BBFFA00F37A21 /* Sources */,
				565B86E2291BBFFA00F37A21 /* Frameworks */,
				565B86E3291BBFFA00F37A21 /* Resources */,
			);
			buildRules = (
			);
			dependencies = (
				565B86E7291BBFFA00F37A21 /* PBXTargetDependency */,
			);
			name = TopRedditsTests;
			productName = TopRedditsTests;
			productReference = 565B86E5291BBFFA00F37A21 /* TopRedditsTests.xctest */;
			productType = "com.apple.product-type.bundle.unit-test";
		};
		565B86EE291BBFFA00F37A21 /* TopRedditsUITests */ = {
			isa = PBXNativeTarget;
			buildConfigurationList = 565B86FF291BBFFA00F37A21 /* Build configuration list for PBXNativeTarget "TopRedditsUITests" */;
			buildPhases = (
				565B86EB291BBFFA00F37A21 /* Sources */,
				565B86EC291BBFFA00F37A21 /* Frameworks */,
				565B86ED291BBFFA00F37A21 /* Resources */,
			);
			buildRules = (
			);
			dependencies = (
				565B86F1291BBFFA00F37A21 /* PBXTargetDependency */,
			);
			name = TopRedditsUITests;
			productName = TopRedditsUITests;
			productReference = 565B86EF291BBFFA00F37A21 /* TopRedditsUITests.xctest */;
			productType = "com.apple.product-type.bundle.ui-testing";
		};
/* End PBXNativeTarget section */

/* Begin PBXProject section */
		565B86C7291BBFF900F37A21 /* Project object */ = {
			isa = PBXProject;
			attributes = {
				BuildIndependentTargetsInParallel = 1;
				LastSwiftUpdateCheck = 1410;
				LastUpgradeCheck = 1410;
				TargetAttributes = {
					565B86CE291BBFF900F37A21 = {
						CreatedOnToolsVersion = 14.1;
					};
					565B86E4291BBFFA00F37A21 = {
						CreatedOnToolsVersion = 14.1;
						TestTargetID = 565B86CE291BBFF900F37A21;
					};
					565B86EE291BBFFA00F37A21 = {
						CreatedOnToolsVersion = 14.1;
						TestTargetID = 565B86CE291BBFF900F37A21;
					};
				};
			};
			buildConfigurationList = 565B86CA291BBFF900F37A21 /* Build configuration list for PBXProject "TopReddits" */;
			compatibilityVersion = "Xcode 14.0";
			developmentRegion = en;
			hasScannedForEncodings = 0;
			knownRegions = (
				en,
				Base,
			);
			mainGroup = 565B86C6291BBFF900F37A21;
			productRefGroup = 565B86D0291BBFF900F37A21 /* Products */;
			projectDirPath = "";
			projectRoot = "";
			targets = (
				565B86CE291BBFF900F37A21 /* TopReddits */,
				565B86E4291BBFFA00F37A21 /* TopRedditsTests */,
				565B86EE291BBFFA00F37A21 /* TopRedditsUITests */,
			);
		};
/* End PBXProject section */

/* Begin PBXResourcesBuildPhase section */
		565B86CD291BBFF900F37A21 /* Resources */ = {
			isa = PBXResourcesBuildPhase;
			buildActionMask = 2147483647;
			files = (
				565B86DF291BBFFA00F37A21 /* LaunchScreen.storyboard in Resources */,
				565B86DC291BBFFA00F37A21 /* Assets.xcassets in Resources */,
			);
			runOnlyForDeploymentPostprocessing = 0;
		};
		565B86E3291BBFFA00F37A21 /* Resources */ = {
			isa = PBXResourcesBuildPhase;
			buildActionMask = 2147483647;
			files = (
			);
			runOnlyForDeploymentPostprocessing = 0;
		};
		565B86ED291BBFFA00F37A21 /* Resources */ = {
			isa = PBXResourcesBuildPhase;
			buildActionMask = 2147483647;
			files = (
			);
			runOnlyForDeploymentPostprocessing = 0;
		};
/* End PBXResourcesBuildPhase section */

/* Begin PBXSourcesBuildPhase section */
		565B86CB291BBFF900F37A21 /* Sources */ = {
			isa = PBXSourcesBuildPhase;
			buildActionMask = 2147483647;
			files = (
				565B86D3291BBFF900F37A21 /* AppDelegate.swift in Sources */,
				565B8708291BC77800F37A21 /* ListTopRedditsViewController.swift in Sources */,
				565B86D5291BBFF900F37A21 /* SceneDelegate.swift in Sources */,
				565B870D291BC89800F37A21 /* RedditDetailsViewController.swift in Sources */,
			);
			runOnlyForDeploymentPostprocessing = 0;
		};
		565B86E1291BBFFA00F37A21 /* Sources */ = {
			isa = PBXSourcesBuildPhase;
			buildActionMask = 2147483647;
			files = (
				565B86EA291BBFFA00F37A21 /* TopRedditsTests.swift in Sources */,
			);
			runOnlyForDeploymentPostprocessing = 0;
		};
		565B86EB291BBFFA00F37A21 /* Sources */ = {
			isa = PBXSourcesBuildPhase;
			buildActionMask = 2147483647;
			files = (
				565B86F6291BBFFA00F37A21 /* TopRedditsUITestsLaunchTests.swift in Sources */,
				565B86F4291BBFFA00F37A21 /* TopRedditsUITests.swift in Sources */,
			);
			runOnlyForDeploymentPostprocessing = 0;
		};
/* End PBXSourcesBuildPhase section */

/* Begin PBXTargetDependency section */
		565B86E7291BBFFA00F37A21 /* PBXTargetDependency */ = {
			isa = PBXTargetDependency;
			target = 565B86CE291BBFF900F37A21 /* TopReddits */;
			targetProxy = 565B86E6291BBFFA00F37A21 /* PBXContainerItemProxy */;
		};
		565B86F1291BBFFA00F37A21 /* PBXTargetDependency */ = {
			isa = PBXTargetDependency;
			target = 565B86CE291BBFF900F37A21 /* TopReddits */;
			targetProxy = 565B86F0291BBFFA00F37A21 /* PBXContainerItemProxy */;
		};
/* End PBXTargetDependency section */

/* Begin PBXVariantGroup section */
		565B86DD291BBFFA00F37A21 /* LaunchScreen.storyboard */ = {
			isa = PBXVariantGroup;
			children = (
				565B86DE291BBFFA00F37A21 /* Base */,
			);
			name = LaunchScreen.storyboard;
			sourceTree = "<group>";
		};
/* End PBXVariantGroup section */

/* Begin XCBuildConfiguration section */
		565B86F7291BBFFA00F37A21 /* Debug */ = {
			isa = XCBuildConfiguration;
			buildSettings = {
				ALWAYS_SEARCH_USER_PATHS = NO;
				CLANG_ANALYZER_NONNULL = YES;
				CLANG_ANALYZER_NUMBER_OBJECT_CONVERSION = YES_AGGRESSIVE;
				CLANG_CXX_LANGUAGE_STANDARD = "gnu++20";
				CLANG_ENABLE_MODULES = YES;
				CLANG_ENABLE_OBJC_ARC = YES;
				CLANG_ENABLE_OBJC_WEAK = YES;
				CLANG_WARN_BLOCK_CAPTURE_AUTORELEASING = YES;
				CLANG_WARN_BOOL_CONVERSION = YES;
				CLANG_WARN_COMMA = YES;
				CLANG_WARN_CONSTANT_CONVERSION = YES;
				CLANG_WARN_DEPRECATED_OBJC_IMPLEMENTATIONS = YES;
				CLANG_WARN_DIRECT_OBJC_ISA_USAGE = YES_ERROR;
				CLANG_WARN_DOCUMENTATION_COMMENTS = YES;
				CLANG_WARN_EMPTY_BODY = YES;
				CLANG_WARN_ENUM_CONVERSION = YES;
				CLANG_WARN_INFINITE_RECURSION = YES;
				CLANG_WARN_INT_CONVERSION = YES;
				CLANG_WARN_NON_LITERAL_NULL_CONVERSION = YES;
				CLANG_WARN_OBJC_IMPLICIT_RETAIN_SELF = YES;
				CLANG_WARN_OBJC_LITERAL_CONVERSION = YES;
				CLANG_WARN_OBJC_ROOT_CLASS = YES_ERROR;
				CLANG_WARN_QUOTED_INCLUDE_IN_FRAMEWORK_HEADER = YES;
				CLANG_WARN_RANGE_LOOP_ANALYSIS = YES;
				CLANG_WARN_STRICT_PROTOTYPES = YES;
				CLANG_WARN_SUSPICIOUS_MOVE = YES;
				CLANG_WARN_UNGUARDED_AVAILABILITY = YES_AGGRESSIVE;
				CLANG_WARN_UNREACHABLE_CODE = YES;
				CLANG_WARN__DUPLICATE_METHOD_MATCH = YES;
				COPY_PHASE_STRIP = NO;
				DEBUG_INFORMATION_FORMAT = dwarf;
				ENABLE_STRICT_OBJC_MSGSEND = YES;
				ENABLE_TESTABILITY = YES;
				GCC_C_LANGUAGE_STANDARD = gnu11;
				GCC_DYNAMIC_NO_PIC = NO;
				GCC_NO_COMMON_BLOCKS = YES;
				GCC_OPTIMIZATION_LEVEL = 0;
				GCC_PREPROCESSOR_DEFINITIONS = (
					"DEBUG=1",
					"$(inherited)",
				);
				GCC_WARN_64_TO_32_BIT_CONVERSION = YES;
				GCC_WARN_ABOUT_RETURN_TYPE = YES_ERROR;
				GCC_WARN_UNDECLARED_SELECTOR = YES;
				GCC_WARN_UNINITIALIZED_AUTOS = YES_AGGRESSIVE;
				GCC_WARN_UNUSED_FUNCTION = YES;
				GCC_WARN_UNUSED_VARIABLE = YES;
				IPHONEOS_DEPLOYMENT_TARGET = 16.1;
				MTL_ENABLE_DEBUG_INFO = INCLUDE_SOURCE;
				MTL_FAST_MATH = YES;
				ONLY_ACTIVE_ARCH = YES;
				SDKROOT = iphoneos;
				SWIFT_ACTIVE_COMPILATION_CONDITIONS = DEBUG;
				SWIFT_OPTIMIZATION_LEVEL = "-Onone";
			};
			name = Debug;
		};
		565B86F8291BBFFA00F37A21 /* Release */ = {
			isa = XCBuildConfiguration;
			buildSettings = {
				ALWAYS_SEARCH_USER_PATHS = NO;
				CLANG_ANALYZER_NONNULL = YES;
				CLANG_ANALYZER_NUMBER_OBJECT_CONVERSION = YES_AGGRESSIVE;
				CLANG_CXX_LANGUAGE_STANDARD = "gnu++20";
				CLANG_ENABLE_MODULES = YES;
				CLANG_ENABLE_OBJC_ARC = YES;
				CLANG_ENABLE_OBJC_WEAK = YES;
				CLANG_WARN_BLOCK_CAPTURE_AUTORELEASING = YES;
				CLANG_WARN_BOOL_CONVERSION = YES;
				CLANG_WARN_COMMA = YES;
				CLANG_WARN_CONSTANT_CONVERSION = YES;
				CLANG_WARN_DEPRECATED_OBJC_IMPLEMENTATIONS = YES;
				CLANG_WARN_DIRECT_OBJC_ISA_USAGE = YES_ERROR;
				CLANG_WARN_DOCUMENTATION_COMMENTS = YES;
				CLANG_WARN_EMPTY_BODY = YES;
				CLANG_WARN_ENUM_CONVERSION = YES;
				CLANG_WARN_INFINITE_RECURSION = YES;
				CLANG_WARN_INT_CONVERSION = YES;
				CLANG_WARN_NON_LITERAL_NULL_CONVERSION = YES;
				CLANG_WARN_OBJC_IMPLICIT_RETAIN_SELF = YES;
				CLANG_WARN_OBJC_LITERAL_CONVERSION = YES;
				CLANG_WARN_OBJC_ROOT_CLASS = YES_ERROR;
				CLANG_WARN_QUOTED_INCLUDE_IN_FRAMEWORK_HEADER = YES;
				CLANG_WARN_RANGE_LOOP_ANALYSIS = YES;
				CLANG_WARN_STRICT_PROTOTYPES = YES;
				CLANG_WARN_SUSPICIOUS_MOVE = YES;
				CLANG_WARN_UNGUARDED_AVAILABILITY = YES_AGGRESSIVE;
				CLANG_WARN_UNREACHABLE_CODE = YES;
				CLANG_WARN__DUPLICATE_METHOD_MATCH = YES;
				COPY_PHASE_STRIP = NO;
				DEBUG_INFORMATION_FORMAT = "dwarf-with-dsym";
				ENABLE_NS_ASSERTIONS = NO;
				ENABLE_STRICT_OBJC_MSGSEND = YES;
				GCC_C_LANGUAGE_STANDARD = gnu11;
				GCC_NO_COMMON_BLOCKS = YES;
				GCC_WARN_64_TO_32_BIT_CONVERSION = YES;
				GCC_WARN_ABOUT_RETURN_TYPE = YES_ERROR;
				GCC_WARN_UNDECLARED_SELECTOR = YES;
				GCC_WARN_UNINITIALIZED_AUTOS = YES_AGGRESSIVE;
				GCC_WARN_UNUSED_FUNCTION = YES;
				GCC_WARN_UNUSED_VARIABLE = YES;
				IPHONEOS_DEPLOYMENT_TARGET = 16.1;
				MTL_ENABLE_DEBUG_INFO = NO;
				MTL_FAST_MATH = YES;
				SDKROOT = iphoneos;
				SWIFT_COMPILATION_MODE = wholemodule;
				SWIFT_OPTIMIZATION_LEVEL = "-O";
				VALIDATE_PRODUCT = YES;
			};
			name = Release;
		};
		565B86FA291BBFFA00F37A21 /* Debug */ = {
			isa = XCBuildConfiguration;
			buildSettings = {
				ASSETCATALOG_COMPILER_APPICON_NAME = AppIcon;
				ASSETCATALOG_COMPILER_GLOBAL_ACCENT_COLOR_NAME = AccentColor;
				CODE_SIGN_STYLE = Automatic;
				CURRENT_PROJECT_VERSION = 1;
				DEVELOPMENT_TEAM = H7EDV5524K;
				GENERATE_INFOPLIST_FILE = YES;
				INFOPLIST_FILE = TopReddits/Info.plist;
				INFOPLIST_KEY_UIApplicationSupportsIndirectInputEvents = YES;
				INFOPLIST_KEY_UILaunchStoryboardName = LaunchScreen;
				INFOPLIST_KEY_UISupportedInterfaceOrientations_iPad = "UIInterfaceOrientationPortrait UIInterfaceOrientationPortraitUpsideDown UIInterfaceOrientationLandscapeLeft UIInterfaceOrientationLandscapeRight";
				INFOPLIST_KEY_UISupportedInterfaceOrientations_iPhone = "UIInterfaceOrientationPortrait UIInterfaceOrientationLandscapeLeft UIInterfaceOrientationLandscapeRight";
				LD_RUNPATH_SEARCH_PATHS = (
					"$(inherited)",
					"@executable_path/Frameworks",
				);
				MARKETING_VERSION = 1.0;
				PRODUCT_BUNDLE_IDENTIFIER = com.givigir.TopReddits;
				PRODUCT_NAME = "$(TARGET_NAME)";
				SWIFT_EMIT_LOC_STRINGS = YES;
				SWIFT_VERSION = 5.0;
				TARGETED_DEVICE_FAMILY = "1,2";
			};
			name = Debug;
		};
		565B86FB291BBFFA00F37A21 /* Release */ = {
			isa = XCBuildConfiguration;
			buildSettings = {
				ASSETCATALOG_COMPILER_APPICON_NAME = AppIcon;
				ASSETCATALOG_COMPILER_GLOBAL_ACCENT_COLOR_NAME = AccentColor;
				CODE_SIGN_STYLE = Automatic;
				CURRENT_PROJECT_VERSION = 1;
				DEVELOPMENT_TEAM = H7EDV5524K;
				GENERATE_INFOPLIST_FILE = YES;
				INFOPLIST_FILE = TopReddits/Info.plist;
				INFOPLIST_KEY_UIApplicationSupportsIndirectInputEvents = YES;
				INFOPLIST_KEY_UILaunchStoryboardName = LaunchScreen;
				INFOPLIST_KEY_UISupportedInterfaceOrientations_iPad = "UIInterfaceOrientationPortrait UIInterfaceOrientationPortraitUpsideDown UIInterfaceOrientationLandscapeLeft UIInterfaceOrientationLandscapeRight";
				INFOPLIST_KEY_UISupportedInterfaceOrientations_iPhone = "UIInterfaceOrientationPortrait UIInterfaceOrientationLandscapeLeft UIInterfaceOrientationLandscapeRight";
				LD_RUNPATH_SEARCH_PATHS = (
					"$(inherited)",
					"@executable_path/Frameworks",
				);
				MARKETING_VERSION = 1.0;
				PRODUCT_BUNDLE_IDENTIFIER = com.givigir.TopReddits;
				PRODUCT_NAME = "$(TARGET_NAME)";
				SWIFT_EMIT_LOC_STRINGS = YES;
				SWIFT_VERSION = 5.0;
				TARGETED_DEVICE_FAMILY = "1,2";
			};
			name = Release;
		};
		565B86FD291BBFFA00F37A21 /* Debug */ = {
			isa = XCBuildConfiguration;
			buildSettings = {
				ALWAYS_EMBED_SWIFT_STANDARD_LIBRARIES = YES;
				BUNDLE_LOADER = "$(TEST_HOST)";
				CODE_SIGN_STYLE = Automatic;
				CURRENT_PROJECT_VERSION = 1;
				DEVELOPMENT_TEAM = H7EDV5524K;
				GENERATE_INFOPLIST_FILE = YES;
				IPHONEOS_DEPLOYMENT_TARGET = 16.1;
				MARKETING_VERSION = 1.0;
				PRODUCT_BUNDLE_IDENTIFIER = com.givigir.TopRedditsTests;
				PRODUCT_NAME = "$(TARGET_NAME)";
				SWIFT_EMIT_LOC_STRINGS = NO;
				SWIFT_VERSION = 5.0;
				TARGETED_DEVICE_FAMILY = "1,2";
				TEST_HOST = "$(BUILT_PRODUCTS_DIR)/TopReddits.app/$(BUNDLE_EXECUTABLE_FOLDER_PATH)/TopReddits";
			};
			name = Debug;
		};
		565B86FE291BBFFA00F37A21 /* Release */ = {
			isa = XCBuildConfiguration;
			buildSettings = {
				ALWAYS_EMBED_SWIFT_STANDARD_LIBRARIES = YES;
				BUNDLE_LOADER = "$(TEST_HOST)";
				CODE_SIGN_STYLE = Automatic;
				CURRENT_PROJECT_VERSION = 1;
				DEVELOPMENT_TEAM = H7EDV5524K;
				GENERATE_INFOPLIST_FILE = YES;
				IPHONEOS_DEPLOYMENT_TARGET = 16.1;
				MARKETING_VERSION = 1.0;
				PRODUCT_BUNDLE_IDENTIFIER = com.givigir.TopRedditsTests;
				PRODUCT_NAME = "$(TARGET_NAME)";
				SWIFT_EMIT_LOC_STRINGS = NO;
				SWIFT_VERSION = 5.0;
				TARGETED_DEVICE_FAMILY = "1,2";
				TEST_HOST = "$(BUILT_PRODUCTS_DIR)/TopReddits.app/$(BUNDLE_EXECUTABLE_FOLDER_PATH)/TopReddits";
			};
			name = Release;
		};
		565B8700291BBFFA00F37A21 /* Debug */ = {
			isa = XCBuildConfiguration;
			buildSettings = {
				ALWAYS_EMBED_SWIFT_STANDARD_LIBRARIES = YES;
				CODE_SIGN_STYLE = Automatic;
				CURRENT_PROJECT_VERSION = 1;
				DEVELOPMENT_TEAM = H7EDV5524K;
				GENERATE_INFOPLIST_FILE = YES;
				MARKETING_VERSION = 1.0;
				PRODUCT_BUNDLE_IDENTIFIER = com.givigir.TopRedditsUITests;
				PRODUCT_NAME = "$(TARGET_NAME)";
				SWIFT_EMIT_LOC_STRINGS = NO;
				SWIFT_VERSION = 5.0;
				TARGETED_DEVICE_FAMILY = "1,2";
				TEST_TARGET_NAME = TopReddits;
			};
			name = Debug;
		};
		565B8701291BBFFA00F37A21 /* Release */ = {
			isa = XCBuildConfiguration;
			buildSettings = {
				ALWAYS_EMBED_SWIFT_STANDARD_LIBRARIES = YES;
				CODE_SIGN_STYLE = Automatic;
				CURRENT_PROJECT_VERSION = 1;
				DEVELOPMENT_TEAM = H7EDV5524K;
				GENERATE_INFOPLIST_FILE = YES;
				MARKETING_VERSION = 1.0;
				PRODUCT_BUNDLE_IDENTIFIER = com.givigir.TopRedditsUITests;
				PRODUCT_NAME = "$(TARGET_NAME)";
				SWIFT_EMIT_LOC_STRINGS = NO;
				SWIFT_VERSION = 5.0;
				TARGETED_DEVICE_FAMILY = "1,2";
				TEST_TARGET_NAME = TopReddits;
			};
			name = Release;
		};
/* End XCBuildConfiguration section */

/* Begin XCConfigurationList section */
		565B86CA291BBFF900F37A21 /* Build configuration list for PBXProject "TopReddits" */ = {
			isa = XCConfigurationList;
			buildConfigurations = (
				565B86F7291BBFFA00F37A21 /* Debug */,
				565B86F8291BBFFA00F37A21 /* Release */,
			);
			defaultConfigurationIsVisible = 0;
			defaultConfigurationName = Release;
		};
		565B86F9291BBFFA00F37A21 /* Build configuration list for PBXNativeTarget "TopReddits" */ = {
			isa = XCConfigurationList;
			buildConfigurations = (
				565B86FA291BBFFA00F37A21 /* Debug */,
				565B86FB291BBFFA00F37A21 /* Release */,
			);
			defaultConfigurationIsVisible = 0;
			defaultConfigurationName = Release;
		};
		565B86FC291BBFFA00F37A21 /* Build configuration list for PBXNativeTarget "TopRedditsTests" */ = {
			isa = XCConfigurationList;
			buildConfigurations = (
				565B86FD291BBFFA00F37A21 /* Debug */,
				565B86FE291BBFFA00F37A21 /* Release */,
			);
			defaultConfigurationIsVisible = 0;
			defaultConfigurationName = Release;
		};
		565B86FF291BBFFA00F37A21 /* Build configuration list for PBXNativeTarget "TopRedditsUITests" */ = {
			isa = XCConfigurationList;
			buildConfigurations = (
				565B8700291BBFFA00F37A21 /* Debug */,
				565B8701291BBFFA00F37A21 /* Release */,
			);
			defaultConfigurationIsVisible = 0;
			defaultConfigurationName = Release;
		};
/* End XCConfigurationList section */
	};
	rootObject = 565B86C7291BBFF900F37A21 /* Project object */;
}
